// !$*UTF8*$!
{
	archiveVersion = 1;
	classes = {
	};
	objectVersion = 56;
	objects = {

/* Begin PBXBuildFile section */
		AE1978CB2BEACEAA0026FE8B /* EditBookView.swift in Sources */ = {isa = PBXBuildFile; fileRef = AE1978CA2BEACEAA0026FE8B /* EditBookView.swift */; };
		AE1978CD2BEAD2690026FE8B /* RatingsView.swift in Sources */ = {isa = PBXBuildFile; fileRef = AE1978CC2BEAD2690026FE8B /* RatingsView.swift */; };
		AE1978CF2BEADD4C0026FE8B /* BookSamples.swift in Sources */ = {isa = PBXBuildFile; fileRef = AE1978CE2BEADD4C0026FE8B /* BookSamples.swift */; };
		AE1978D12BEADDA90026FE8B /* PreviewContainer.swift in Sources */ = {isa = PBXBuildFile; fileRef = AE1978D02BEADDA90026FE8B /* PreviewContainer.swift */; };
		AE1978D32BEC22B40026FE8B /* BookList.swift in Sources */ = {isa = PBXBuildFile; fileRef = AE1978D22BEC22B40026FE8B /* BookList.swift */; };
		AE1978D52BEC2BFC0026FE8B /* Quote.swift in Sources */ = {isa = PBXBuildFile; fileRef = AE1978D42BEC2BFC0026FE8B /* Quote.swift */; };
		AE1A8E7F2BFEDB3700941C85 /* GenresView.swift in Sources */ = {isa = PBXBuildFile; fileRef = AE1A8E7E2BFEDB3700941C85 /* GenresView.swift */; };
		AE1A8E812BFEDF2C00941C85 /* NewGenreView.swift in Sources */ = {isa = PBXBuildFile; fileRef = AE1A8E802BFEDF2C00941C85 /* NewGenreView.swift */; };
		AE1A8E832BFEE2FD00941C85 /* GenresStackView.swift in Sources */ = {isa = PBXBuildFile; fileRef = AE1A8E822BFEE2FD00941C85 /* GenresStackView.swift */; };
		AE1A8E852BFEE9CC00941C85 /* Localizable.xcstrings in Resources */ = {isa = PBXBuildFile; fileRef = AE1A8E842BFEE9CC00941C85 /* Localizable.xcstrings */; };
		AE65BB012BEA9AB30070C280 /* PlayingWithSwiftDataApp.swift in Sources */ = {isa = PBXBuildFile; fileRef = AE65BB002BEA9AB30070C280 /* PlayingWithSwiftDataApp.swift */; };
		AE65BB032BEA9AB30070C280 /* BookListView.swift in Sources */ = {isa = PBXBuildFile; fileRef = AE65BB022BEA9AB30070C280 /* BookListView.swift */; };
		AE65BB052BEA9AB50070C280 /* Assets.xcassets in Resources */ = {isa = PBXBuildFile; fileRef = AE65BB042BEA9AB50070C280 /* Assets.xcassets */; };
		AE65BB082BEA9AB50070C280 /* Preview Assets.xcassets in Resources */ = {isa = PBXBuildFile; fileRef = AE65BB072BEA9AB50070C280 /* Preview Assets.xcassets */; };
		AE65BB0F2BEA9B170070C280 /* Book.swift in Sources */ = {isa = PBXBuildFile; fileRef = AE65BB0E2BEA9B170070C280 /* Book.swift */; };
		AE65BB112BEAA0720070C280 /* NewBookView.swift in Sources */ = {isa = PBXBuildFile; fileRef = AE65BB102BEAA0720070C280 /* NewBookView.swift */; };
		AE7FBBEF2C1CC00F00F1073F /* Launch Screen.storyboard in Resources */ = {isa = PBXBuildFile; fileRef = AE7FBBEE2C1CC00F00F1073F /* Launch Screen.storyboard */; };
		AE7FBBF12C1CC38400F1073F /* InfoPlist.xcstrings in Resources */ = {isa = PBXBuildFile; fileRef = AE7FBBF02C1CC38400F1073F /* InfoPlist.xcstrings */; };
		AE9A570C2BFED103009810A5 /* QuotesListView.swift in Sources */ = {isa = PBXBuildFile; fileRef = AE9A570B2BFED103009810A5 /* QuotesListView.swift */; };
		AE9A570E2BFED837009810A5 /* Genre.swift in Sources */ = {isa = PBXBuildFile; fileRef = AE9A570D2BFED837009810A5 /* Genre.swift */; };
		AE9A57102BFED8A3009810A5 /* UIColor+Exension.swift in Sources */ = {isa = PBXBuildFile; fileRef = AE9A570F2BFED8A3009810A5 /* UIColor+Exension.swift */; };
		AE9A57122BFED8D3009810A5 /* Color+Hex.swift in Sources */ = {isa = PBXBuildFile; fileRef = AE9A57112BFED8D3009810A5 /* Color+Hex.swift */; };
		AE9A57142BFED987009810A5 /* GenreSamples.swift in Sources */ = {isa = PBXBuildFile; fileRef = AE9A57132BFED987009810A5 /* GenreSamples.swift */; };
/* End PBXBuildFile section */

/* Begin PBXFileReference section */
		AE1978CA2BEACEAA0026FE8B /* EditBookView.swift */ = {isa = PBXFileReference; lastKnownFileType = sourcecode.swift; path = EditBookView.swift; sourceTree = "<group>"; };
		AE1978CC2BEAD2690026FE8B /* RatingsView.swift */ = {isa = PBXFileReference; lastKnownFileType = sourcecode.swift; path = RatingsView.swift; sourceTree = "<group>"; };
		AE1978CE2BEADD4C0026FE8B /* BookSamples.swift */ = {isa = PBXFileReference; lastKnownFileType = sourcecode.swift; path = BookSamples.swift; sourceTree = "<group>"; };
		AE1978D02BEADDA90026FE8B /* PreviewContainer.swift */ = {isa = PBXFileReference; lastKnownFileType = sourcecode.swift; path = PreviewContainer.swift; sourceTree = "<group>"; };
		AE1978D22BEC22B40026FE8B /* BookList.swift */ = {isa = PBXFileReference; lastKnownFileType = sourcecode.swift; path = BookList.swift; sourceTree = "<group>"; };
		AE1978D42BEC2BFC0026FE8B /* Quote.swift */ = {isa = PBXFileReference; lastKnownFileType = sourcecode.swift; path = Quote.swift; sourceTree = "<group>"; };
		AE1A8E7E2BFEDB3700941C85 /* GenresView.swift */ = {isa = PBXFileReference; lastKnownFileType = sourcecode.swift; path = GenresView.swift; sourceTree = "<group>"; };
		AE1A8E802BFEDF2C00941C85 /* NewGenreView.swift */ = {isa = PBXFileReference; lastKnownFileType = sourcecode.swift; path = NewGenreView.swift; sourceTree = "<group>"; };
		AE1A8E822BFEE2FD00941C85 /* GenresStackView.swift */ = {isa = PBXFileReference; lastKnownFileType = sourcecode.swift; path = GenresStackView.swift; sourceTree = "<group>"; };
		AE1A8E842BFEE9CC00941C85 /* Localizable.xcstrings */ = {isa = PBXFileReference; lastKnownFileType = text.json.xcstrings; path = Localizable.xcstrings; sourceTree = "<group>"; };
		AE65BAFD2BEA9AB30070C280 /* PlayingWithSwiftData.app */ = {isa = PBXFileReference; explicitFileType = wrapper.application; includeInIndex = 0; path = PlayingWithSwiftData.app; sourceTree = BUILT_PRODUCTS_DIR; };
		AE65BB002BEA9AB30070C280 /* PlayingWithSwiftDataApp.swift */ = {isa = PBXFileReference; lastKnownFileType = sourcecode.swift; path = PlayingWithSwiftDataApp.swift; sourceTree = "<group>"; };
		AE65BB022BEA9AB30070C280 /* BookListView.swift */ = {isa = PBXFileReference; lastKnownFileType = sourcecode.swift; path = BookListView.swift; sourceTree = "<group>"; };
		AE65BB042BEA9AB50070C280 /* Assets.xcassets */ = {isa = PBXFileReference; lastKnownFileType = folder.assetcatalog; path = Assets.xcassets; sourceTree = "<group>"; };
		AE65BB072BEA9AB50070C280 /* Preview Assets.xcassets */ = {isa = PBXFileReference; lastKnownFileType = folder.assetcatalog; path = "Preview Assets.xcassets"; sourceTree = "<group>"; };
		AE65BB0E2BEA9B170070C280 /* Book.swift */ = {isa = PBXFileReference; lastKnownFileType = sourcecode.swift; path = Book.swift; sourceTree = "<group>"; };
		AE65BB102BEAA0720070C280 /* NewBookView.swift */ = {isa = PBXFileReference; lastKnownFileType = sourcecode.swift; path = NewBookView.swift; sourceTree = "<group>"; };
		AE7FBBEE2C1CC00F00F1073F /* Launch Screen.storyboard */ = {isa = PBXFileReference; lastKnownFileType = file.storyboard; path = "Launch Screen.storyboard"; sourceTree = "<group>"; };
		AE7FBBF02C1CC38400F1073F /* InfoPlist.xcstrings */ = {isa = PBXFileReference; lastKnownFileType = text.json.xcstrings; path = InfoPlist.xcstrings; sourceTree = "<group>"; };
		AE9A570B2BFED103009810A5 /* QuotesListView.swift */ = {isa = PBXFileReference; lastKnownFileType = sourcecode.swift; path = QuotesListView.swift; sourceTree = "<group>"; };
		AE9A570D2BFED837009810A5 /* Genre.swift */ = {isa = PBXFileReference; lastKnownFileType = sourcecode.swift; path = Genre.swift; sourceTree = "<group>"; };
		AE9A570F2BFED8A3009810A5 /* UIColor+Exension.swift */ = {isa = PBXFileReference; lastKnownFileType = sourcecode.swift; path = "UIColor+Exension.swift"; sourceTree = "<group>"; };
		AE9A57112BFED8D3009810A5 /* Color+Hex.swift */ = {isa = PBXFileReference; lastKnownFileType = sourcecode.swift; path = "Color+Hex.swift"; sourceTree = "<group>"; };
		AE9A57132BFED987009810A5 /* GenreSamples.swift */ = {isa = PBXFileReference; lastKnownFileType = sourcecode.swift; path = GenreSamples.swift; sourceTree = "<group>"; };
/* End PBXFileReference section */

/* Begin PBXFrameworksBuildPhase section */
		AE65BAFA2BEA9AB30070C280 /* Frameworks */ = {
			isa = PBXFrameworksBuildPhase;
			buildActionMask = 2147483647;
			files = (
			);
			runOnlyForDeploymentPostprocessing = 0;
		};
/* End PBXFrameworksBuildPhase section */

/* Begin PBXGroup section */
		AE65BAF42BEA9AB30070C280 = {
			isa = PBXGroup;
			children = (
				AE7FBBF02C1CC38400F1073F /* InfoPlist.xcstrings */,
				AE7FBBEE2C1CC00F00F1073F /* Launch Screen.storyboard */,
				AE1A8E842BFEE9CC00941C85 /* Localizable.xcstrings */,
				AE65BAFF2BEA9AB30070C280 /* PlayingWithSwiftData */,
				AE65BAFE2BEA9AB30070C280 /* Products */,
			);
			sourceTree = "<group>";
		};
		AE65BAFE2BEA9AB30070C280 /* Products */ = {
			isa = PBXGroup;
			children = (
				AE65BAFD2BEA9AB30070C280 /* PlayingWithSwiftData.app */,
			);
			name = Products;
			sourceTree = "<group>";
		};
		AE65BAFF2BEA9AB30070C280 /* PlayingWithSwiftData */ = {
			isa = PBXGroup;
			children = (
				AE9A571A2BFEDAE3009810A5 /* Genres */,
				AE65BB002BEA9AB30070C280 /* PlayingWithSwiftDataApp.swift */,
				AE9A57192BFEDAB0009810A5 /* AccessoryViews */,
				AE9A57152BFEDA48009810A5 /* Books */,
				AE9A57182BFEDA9B009810A5 /* Quotes */,
				AE9A57162BFEDA82009810A5 /* Models */,
				AE9A57172BFEDA91009810A5 /* Extensions */,
				AE65BB042BEA9AB50070C280 /* Assets.xcassets */,
				AE65BB062BEA9AB50070C280 /* Preview Content */,
			);
			path = PlayingWithSwiftData;
			sourceTree = "<group>";
		};
		AE65BB062BEA9AB50070C280 /* Preview Content */ = {
			isa = PBXGroup;
			children = (
				AE65BB072BEA9AB50070C280 /* Preview Assets.xcassets */,
				AE1978CE2BEADD4C0026FE8B /* BookSamples.swift */,
				AE1978D02BEADDA90026FE8B /* PreviewContainer.swift */,
				AE9A57132BFED987009810A5 /* GenreSamples.swift */,
			);
			path = "Preview Content";
			sourceTree = "<group>";
		};
		AE9A57152BFEDA48009810A5 /* Books */ = {
			isa = PBXGroup;
			children = (
				AE65BB022BEA9AB30070C280 /* BookListView.swift */,
				AE1978D22BEC22B40026FE8B /* BookList.swift */,
				AE65BB102BEAA0720070C280 /* NewBookView.swift */,
				AE1978CA2BEACEAA0026FE8B /* EditBookView.swift */,
			);
			path = Books;
			sourceTree = "<group>";
		};
		AE9A57162BFEDA82009810A5 /* Models */ = {
			isa = PBXGroup;
			children = (
				AE65BB0E2BEA9B170070C280 /* Book.swift */,
				AE1978D42BEC2BFC0026FE8B /* Quote.swift */,
				AE9A570D2BFED837009810A5 /* Genre.swift */,
			);
			path = Models;
			sourceTree = "<group>";
		};
		AE9A57172BFEDA91009810A5 /* Extensions */ = {
			isa = PBXGroup;
			children = (
				AE9A570F2BFED8A3009810A5 /* UIColor+Exension.swift */,
				AE9A57112BFED8D3009810A5 /* Color+Hex.swift */,
			);
			path = Extensions;
			sourceTree = "<group>";
		};
		AE9A57182BFEDA9B009810A5 /* Quotes */ = {
			isa = PBXGroup;
			children = (
				AE9A570B2BFED103009810A5 /* QuotesListView.swift */,
			);
			path = Quotes;
			sourceTree = "<group>";
		};
		AE9A57192BFEDAB0009810A5 /* AccessoryViews */ = {
			isa = PBXGroup;
			children = (
				AE1978CC2BEAD2690026FE8B /* RatingsView.swift */,
			);
			path = AccessoryViews;
			sourceTree = "<group>";
		};
		AE9A571A2BFEDAE3009810A5 /* Genres */ = {
			isa = PBXGroup;
			children = (
				AE1A8E7E2BFEDB3700941C85 /* GenresView.swift */,
				AE1A8E802BFEDF2C00941C85 /* NewGenreView.swift */,
				AE1A8E822BFEE2FD00941C85 /* GenresStackView.swift */,
			);
			path = Genres;
			sourceTree = "<group>";
		};
/* End PBXGroup section */

/* Begin PBXNativeTarget section */
		AE65BAFC2BEA9AB30070C280 /* PlayingWithSwiftData */ = {
			isa = PBXNativeTarget;
			buildConfigurationList = AE65BB0B2BEA9AB50070C280 /* Build configuration list for PBXNativeTarget "PlayingWithSwiftData" */;
			buildPhases = (
				AE65BAF92BEA9AB30070C280 /* Sources */,
				AE65BAFA2BEA9AB30070C280 /* Frameworks */,
				AE65BAFB2BEA9AB30070C280 /* Resources */,
			);
			buildRules = (
			);
			dependencies = (
			);
			name = PlayingWithSwiftData;
			productName = PlayingWithSwiftData;
			productReference = AE65BAFD2BEA9AB30070C280 /* PlayingWithSwiftData.app */;
			productType = "com.apple.product-type.application";
		};
/* End PBXNativeTarget section */

/* Begin PBXProject section */
		AE65BAF52BEA9AB30070C280 /* Project object */ = {
			isa = PBXProject;
			attributes = {
				BuildIndependentTargetsInParallel = 1;
				LastSwiftUpdateCheck = 1530;
				LastUpgradeCheck = 1530;
				TargetAttributes = {
					AE65BAFC2BEA9AB30070C280 = {
						CreatedOnToolsVersion = 15.3;
					};
				};
			};
			buildConfigurationList = AE65BAF82BEA9AB30070C280 /* Build configuration list for PBXProject "PlayingWithSwiftData" */;
			compatibilityVersion = "Xcode 14.0";
			developmentRegion = en;
			hasScannedForEncodings = 0;
			knownRegions = (
				en,
				Base,
				"pt-BR",
			);
			mainGroup = AE65BAF42BEA9AB30070C280;
			productRefGroup = AE65BAFE2BEA9AB30070C280 /* Products */;
			projectDirPath = "";
			projectRoot = "";
			targets = (
				AE65BAFC2BEA9AB30070C280 /* PlayingWithSwiftData */,
			);
		};
/* End PBXProject section */

/* Begin PBXResourcesBuildPhase section */
		AE65BAFB2BEA9AB30070C280 /* Resources */ = {
			isa = PBXResourcesBuildPhase;
			buildActionMask = 2147483647;
			files = (
				AE65BB082BEA9AB50070C280 /* Preview Assets.xcassets in Resources */,
				AE7FBBF12C1CC38400F1073F /* InfoPlist.xcstrings in Resources */,
				AE65BB052BEA9AB50070C280 /* Assets.xcassets in Resources */,
				AE7FBBEF2C1CC00F00F1073F /* Launch Screen.storyboard in Resources */,
				AE1A8E852BFEE9CC00941C85 /* Localizable.xcstrings in Resources */,
			);
			runOnlyForDeploymentPostprocessing = 0;
		};
/* End PBXResourcesBuildPhase section */

/* Begin PBXSourcesBuildPhase section */
		AE65BAF92BEA9AB30070C280 /* Sources */ = {
			isa = PBXSourcesBuildPhase;
			buildActionMask = 2147483647;
			files = (
				AE1978CF2BEADD4C0026FE8B /* BookSamples.swift in Sources */,
				AE65BB112BEAA0720070C280 /* NewBookView.swift in Sources */,
				AE1978CD2BEAD2690026FE8B /* RatingsView.swift in Sources */,
				AE1A8E812BFEDF2C00941C85 /* NewGenreView.swift in Sources */,
				AE9A570E2BFED837009810A5 /* Genre.swift in Sources */,
				AE1978D32BEC22B40026FE8B /* BookList.swift in Sources */,
				AE1978CB2BEACEAA0026FE8B /* EditBookView.swift in Sources */,
				AE1A8E832BFEE2FD00941C85 /* GenresStackView.swift in Sources */,
				AE65BB032BEA9AB30070C280 /* BookListView.swift in Sources */,
				AE9A57122BFED8D3009810A5 /* Color+Hex.swift in Sources */,
				AE65BB012BEA9AB30070C280 /* PlayingWithSwiftDataApp.swift in Sources */,
				AE1978D12BEADDA90026FE8B /* PreviewContainer.swift in Sources */,
				AE1A8E7F2BFEDB3700941C85 /* GenresView.swift in Sources */,
				AE9A57142BFED987009810A5 /* GenreSamples.swift in Sources */,
				AE1978D52BEC2BFC0026FE8B /* Quote.swift in Sources */,
				AE65BB0F2BEA9B170070C280 /* Book.swift in Sources */,
				AE9A570C2BFED103009810A5 /* QuotesListView.swift in Sources */,
				AE9A57102BFED8A3009810A5 /* UIColor+Exension.swift in Sources */,
			);
			runOnlyForDeploymentPostprocessing = 0;
		};
/* End PBXSourcesBuildPhase section */

/* Begin XCBuildConfiguration section */
		AE65BB092BEA9AB50070C280 /* Debug */ = {
			isa = XCBuildConfiguration;
			buildSettings = {
				ALWAYS_SEARCH_USER_PATHS = NO;
				ASSETCATALOG_COMPILER_GENERATE_SWIFT_ASSET_SYMBOL_EXTENSIONS = YES;
				CLANG_ANALYZER_NONNULL = YES;
				CLANG_ANALYZER_NUMBER_OBJECT_CONVERSION = YES_AGGRESSIVE;
				CLANG_CXX_LANGUAGE_STANDARD = "gnu++20";
				CLANG_ENABLE_MODULES = YES;
				CLANG_ENABLE_OBJC_ARC = YES;
				CLANG_ENABLE_OBJC_WEAK = YES;
				CLANG_WARN_BLOCK_CAPTURE_AUTORELEASING = YES;
				CLANG_WARN_BOOL_CONVERSION = YES;
				CLANG_WARN_COMMA = YES;
				CLANG_WARN_CONSTANT_CONVERSION = YES;
				CLANG_WARN_DEPRECATED_OBJC_IMPLEMENTATIONS = YES;
				CLANG_WARN_DIRECT_OBJC_ISA_USAGE = YES_ERROR;
				CLANG_WARN_DOCUMENTATION_COMMENTS = YES;
				CLANG_WARN_EMPTY_BODY = YES;
				CLANG_WARN_ENUM_CONVERSION = YES;
				CLANG_WARN_INFINITE_RECURSION = YES;
				CLANG_WARN_INT_CONVERSION = YES;
				CLANG_WARN_NON_LITERAL_NULL_CONVERSION = YES;
				CLANG_WARN_OBJC_IMPLICIT_RETAIN_SELF = YES;
				CLANG_WARN_OBJC_LITERAL_CONVERSION = YES;
				CLANG_WARN_OBJC_ROOT_CLASS = YES_ERROR;
				CLANG_WARN_QUOTED_INCLUDE_IN_FRAMEWORK_HEADER = YES;
				CLANG_WARN_RANGE_LOOP_ANALYSIS = YES;
				CLANG_WARN_STRICT_PROTOTYPES = YES;
				CLANG_WARN_SUSPICIOUS_MOVE = YES;
				CLANG_WARN_UNGUARDED_AVAILABILITY = YES_AGGRESSIVE;
				CLANG_WARN_UNREACHABLE_CODE = YES;
				CLANG_WARN__DUPLICATE_METHOD_MATCH = YES;
				COPY_PHASE_STRIP = NO;
				DEBUG_INFORMATION_FORMAT = dwarf;
				ENABLE_STRICT_OBJC_MSGSEND = YES;
				ENABLE_TESTABILITY = YES;
				ENABLE_USER_SCRIPT_SANDBOXING = YES;
				GCC_C_LANGUAGE_STANDARD = gnu17;
				GCC_DYNAMIC_NO_PIC = NO;
				GCC_NO_COMMON_BLOCKS = YES;
				GCC_OPTIMIZATION_LEVEL = 0;
				GCC_PREPROCESSOR_DEFINITIONS = (
					"DEBUG=1",
					"$(inherited)",
				);
				GCC_WARN_64_TO_32_BIT_CONVERSION = YES;
				GCC_WARN_ABOUT_RETURN_TYPE = YES_ERROR;
				GCC_WARN_UNDECLARED_SELECTOR = YES;
				GCC_WARN_UNINITIALIZED_AUTOS = YES_AGGRESSIVE;
				GCC_WARN_UNUSED_FUNCTION = YES;
				GCC_WARN_UNUSED_VARIABLE = YES;
				IPHONEOS_DEPLOYMENT_TARGET = 17.4;
				LOCALIZATION_PREFERS_STRING_CATALOGS = YES;
				MTL_ENABLE_DEBUG_INFO = INCLUDE_SOURCE;
				MTL_FAST_MATH = YES;
				ONLY_ACTIVE_ARCH = YES;
				SDKROOT = iphoneos;
				SWIFT_ACTIVE_COMPILATION_CONDITIONS = "DEBUG $(inherited)";
				SWIFT_OPTIMIZATION_LEVEL = "-Onone";
			};
			name = Debug;
		};
		AE65BB0A2BEA9AB50070C280 /* Release */ = {
			isa = XCBuildConfiguration;
			buildSettings = {
				ALWAYS_SEARCH_USER_PATHS = NO;
				ASSETCATALOG_COMPILER_GENERATE_SWIFT_ASSET_SYMBOL_EXTENSIONS = YES;
				CLANG_ANALYZER_NONNULL = YES;
				CLANG_ANALYZER_NUMBER_OBJECT_CONVERSION = YES_AGGRESSIVE;
				CLANG_CXX_LANGUAGE_STANDARD = "gnu++20";
				CLANG_ENABLE_MODULES = YES;
				CLANG_ENABLE_OBJC_ARC = YES;
				CLANG_ENABLE_OBJC_WEAK = YES;
				CLANG_WARN_BLOCK_CAPTURE_AUTORELEASING = YES;
				CLANG_WARN_BOOL_CONVERSION = YES;
				CLANG_WARN_COMMA = YES;
				CLANG_WARN_CONSTANT_CONVERSION = YES;
				CLANG_WARN_DEPRECATED_OBJC_IMPLEMENTATIONS = YES;
				CLANG_WARN_DIRECT_OBJC_ISA_USAGE = YES_ERROR;
				CLANG_WARN_DOCUMENTATION_COMMENTS = YES;
				CLANG_WARN_EMPTY_BODY = YES;
				CLANG_WARN_ENUM_CONVERSION = YES;
				CLANG_WARN_INFINITE_RECURSION = YES;
				CLANG_WARN_INT_CONVERSION = YES;
				CLANG_WARN_NON_LITERAL_NULL_CONVERSION = YES;
				CLANG_WARN_OBJC_IMPLICIT_RETAIN_SELF = YES;
				CLANG_WARN_OBJC_LITERAL_CONVERSION = YES;
				CLANG_WARN_OBJC_ROOT_CLASS = YES_ERROR;
				CLANG_WARN_QUOTED_INCLUDE_IN_FRAMEWORK_HEADER = YES;
				CLANG_WARN_RANGE_LOOP_ANALYSIS = YES;
				CLANG_WARN_STRICT_PROTOTYPES = YES;
				CLANG_WARN_SUSPICIOUS_MOVE = YES;
				CLANG_WARN_UNGUARDED_AVAILABILITY = YES_AGGRESSIVE;
				CLANG_WARN_UNREACHABLE_CODE = YES;
				CLANG_WARN__DUPLICATE_METHOD_MATCH = YES;
				COPY_PHASE_STRIP = NO;
				DEBUG_INFORMATION_FORMAT = "dwarf-with-dsym";
				ENABLE_NS_ASSERTIONS = NO;
				ENABLE_STRICT_OBJC_MSGSEND = YES;
				ENABLE_USER_SCRIPT_SANDBOXING = YES;
				GCC_C_LANGUAGE_STANDARD = gnu17;
				GCC_NO_COMMON_BLOCKS = YES;
				GCC_WARN_64_TO_32_BIT_CONVERSION = YES;
				GCC_WARN_ABOUT_RETURN_TYPE = YES_ERROR;
				GCC_WARN_UNDECLARED_SELECTOR = YES;
				GCC_WARN_UNINITIALIZED_AUTOS = YES_AGGRESSIVE;
				GCC_WARN_UNUSED_FUNCTION = YES;
				GCC_WARN_UNUSED_VARIABLE = YES;
				IPHONEOS_DEPLOYMENT_TARGET = 17.4;
				LOCALIZATION_PREFERS_STRING_CATALOGS = YES;
				MTL_ENABLE_DEBUG_INFO = NO;
				MTL_FAST_MATH = YES;
				SDKROOT = iphoneos;
				SWIFT_COMPILATION_MODE = wholemodule;
				VALIDATE_PRODUCT = YES;
			};
			name = Release;
		};
		AE65BB0C2BEA9AB50070C280 /* Debug */ = {
			isa = XCBuildConfiguration;
			buildSettings = {
				ASSETCATALOG_COMPILER_APPICON_NAME = AppIcon;
				ASSETCATALOG_COMPILER_GLOBAL_ACCENT_COLOR_NAME = AccentColor;
				CODE_SIGN_STYLE = Automatic;
				CURRENT_PROJECT_VERSION = 1;
				DEVELOPMENT_ASSET_PATHS = "\"PlayingWithSwiftData/Preview Content\"";
				ENABLE_PREVIEWS = YES;
				GENERATE_INFOPLIST_FILE = YES;
				INFOPLIST_KEY_CFBundleDisplayName = "My Books";
				INFOPLIST_KEY_UIApplicationSceneManifest_Generation = YES;
				INFOPLIST_KEY_UIApplicationSupportsIndirectInputEvents = YES;
				INFOPLIST_KEY_UILaunchScreen_Generation = YES;
				INFOPLIST_KEY_UILaunchStoryboardName = "Launch Screen.storyboard";
				INFOPLIST_KEY_UISupportedInterfaceOrientations_iPad = "UIInterfaceOrientationPortrait UIInterfaceOrientationPortraitUpsideDown UIInterfaceOrientationLandscapeLeft UIInterfaceOrientationLandscapeRight";
				INFOPLIST_KEY_UISupportedInterfaceOrientations_iPhone = "UIInterfaceOrientationPortrait UIInterfaceOrientationLandscapeLeft UIInterfaceOrientationLandscapeRight";
				LD_RUNPATH_SEARCH_PATHS = (
					"$(inherited)",
					"@executable_path/Frameworks",
				);
				MARKETING_VERSION = 1.0;
				PRODUCT_BUNDLE_IDENTIFIER = br.com.mackley.PlayingWithSwiftData;
				PRODUCT_NAME = "$(TARGET_NAME)";
				SWIFT_EMIT_LOC_STRINGS = YES;
				SWIFT_VERSION = 5.0;
				TARGETED_DEVICE_FAMILY = "1,2";
			};
			name = Debug;
		};
		AE65BB0D2BEA9AB50070C280 /* Release */ = {
			isa = XCBuildConfiguration;
			buildSettings = {
				ASSETCATALOG_COMPILER_APPICON_NAME = AppIcon;
				ASSETCATALOG_COMPILER_GLOBAL_ACCENT_COLOR_NAME = AccentColor;
				CODE_SIGN_STYLE = Automatic;
				CURRENT_PROJECT_VERSION = 1;
				DEVELOPMENT_ASSET_PATHS = "\"PlayingWithSwiftData/Preview Content\"";
				ENABLE_PREVIEWS = YES;
				GENERATE_INFOPLIST_FILE = YES;
				INFOPLIST_KEY_CFBundleDisplayName = "My Books";
				INFOPLIST_KEY_UIApplicationSceneManifest_Generation = YES;
				INFOPLIST_KEY_UIApplicationSupportsIndirectInputEvents = YES;
				INFOPLIST_KEY_UILaunchScreen_Generation = YES;
				INFOPLIST_KEY_UILaunchStoryboardName = "Launch Screen.storyboard";
				INFOPLIST_KEY_UISupportedInterfaceOrientations_iPad = "UIInterfaceOrientationPortrait UIInterfaceOrientationPortraitUpsideDown UIInterfaceOrientationLandscapeLeft UIInterfaceOrientationLandscapeRight";
				INFOPLIST_KEY_UISupportedInterfaceOrientations_iPhone = "UIInterfaceOrientationPortrait UIInterfaceOrientationLandscapeLeft UIInterfaceOrientationLandscapeRight";
				LD_RUNPATH_SEARCH_PATHS = (
					"$(inherited)",
					"@executable_path/Frameworks",
				);
				MARKETING_VERSION = 1.0;
				PRODUCT_BUNDLE_IDENTIFIER = br.com.mackley.PlayingWithSwiftData;
				PRODUCT_NAME = "$(TARGET_NAME)";
				SWIFT_EMIT_LOC_STRINGS = YES;
				SWIFT_VERSION = 5.0;
				TARGETED_DEVICE_FAMILY = "1,2";
			};
			name = Release;
		};
/* End XCBuildConfiguration section */

/* Begin XCConfigurationList section */
		AE65BAF82BEA9AB30070C280 /* Build configuration list for PBXProject "PlayingWithSwiftData" */ = {
			isa = XCConfigurationList;
			buildConfigurations = (
				AE65BB092BEA9AB50070C280 /* Debug */,
				AE65BB0A2BEA9AB50070C280 /* Release */,
			);
			defaultConfigurationIsVisible = 0;
			defaultConfigurationName = Release;
		};
		AE65BB0B2BEA9AB50070C280 /* Build configuration list for PBXNativeTarget "PlayingWithSwiftData" */ = {
			isa = XCConfigurationList;
			buildConfigurations = (
				AE65BB0C2BEA9AB50070C280 /* Debug */,
				AE65BB0D2BEA9AB50070C280 /* Release */,
			);
			defaultConfigurationIsVisible = 0;
			defaultConfigurationName = Release;
		};
/* End XCConfigurationList section */
	};
	rootObject = AE65BAF52BEA9AB30070C280 /* Project object */;
}
